Microsoft Visual Studio Solution File, Format Version 10.00
# Visual Studio 2008
Project("{2150E333-8FDC-42A3-9474-1A3956D46DE8}") = "Solution Items", "Solution Items", "{C2E98E53-C849-4C26-A538-F0C7A9BB1894}"
	ProjectSection(SolutionItems) = preProject
		changes.txt = changes.txt
		readme.txt = readme.txt
	EndProjectSection
EndProject
Project("{FAE04EC0-301F-11D3-BF4B-00C04F79EFBC}") = "CSSFriendly", "CSSFriendly\CSSFriendly.csproj", "{1439911B-BE4E-48A0-9208-927321992C67}"
EndProject
Project("{E24C65DC-7377-472B-9ABA-BC803B73C61A}") = "Web", "Web\", "{1906C552-057D-4C07-8257-79D0A4E05E3B}"
	ProjectSection(WebsiteProperties) = preProject
		SccProjectName = ""
		SccAuxPath = ""
		SccLocalPath = ""
		SccProvider = ""
		TargetFramework = "3.5"
		ProjectReferences = "{1439911B-BE4E-48A0-9208-927321992C67}|CSSFriendly.dll;"
		Debug.AspNetCompiler.VirtualPath = "/Web"
		Debug.AspNetCompiler.PhysicalPath = "Web\"
		Debug.AspNetCompiler.TargetPath = "PrecompiledWeb\Web\"
		Debug.AspNetCompiler.Updateable = "true"
		Debug.AspNetCompiler.ForceOverwrite = "true"
		Debug.AspNetCompiler.FixedNames = "false"
		Debug.AspNetCompiler.Debug = "True"
		Release.AspNetCompiler.VirtualPath = "/Web"
		Release.AspNetCompiler.PhysicalPath = "Web\"
		Release.AspNetCompiler.TargetPath = "PrecompiledWeb\Web\"
		Release.AspNetCompiler.Updateable = "true"
		Release.AspNetCompiler.ForceOverwrite = "true"
		Release.AspNetCompiler.FixedNames = "false"
		Release.AspNetCompiler.Debug = "False"
		VWDPort = "2311"
		DefaultWebSiteLanguage = "Visual C#"
	EndProjectSection
EndProject
Global
	GlobalSection(SolutionConfigurationPlatforms) = preSolution
		Debug|.NET = Debug|.NET
		Debug|Any CPU = Debug|Any CPU
		Debug|Mixed Platforms = Debug|Mixed Platforms
		Release|.NET = Release|.NET
		Release|Any CPU = Release|Any CPU
		Release|Mixed Platforms = Release|Mixed Platforms
	EndGlobalSection
	GlobalSection(ProjectConfigurationPlatforms) = postSolution
		{1439911B-BE4E-48A0-9208-927321992C67}.Debug|.NET.ActiveCfg = Debug|Any CPU
		{1439911B-BE4E-48A0-9208-927321992C67}.Debug|Any CPU.ActiveCfg = Debug|Any CPU
		{1439911B-BE4E-48A0-9208-927321992C67}.Debug|Any CPU.Build.0 = Debug|Any CPU
		{1439911B-BE4E-48A0-9208-927321992C67}.Debug|Mixed Platforms.ActiveCfg = Debug|Any CPU
		{1439911B-BE4E-48A0-9208-927321992C67}.Debug|Mixed Platforms.Build.0 = Debug|Any CPU
		{1439911B-BE4E-48A0-9208-927321992C67}.Release|.NET.ActiveCfg = Release|Any CPU
		{1439911B-BE4E-48A0-9208-927321992C67}.Release|Any CPU.ActiveCfg = Release|Any CPU
		{1439911B-BE4E-48A0-9208-927321992C67}.Release|Any CPU.Build.0 = Release|Any CPU
		{1439911B-BE4E-48A0-9208-927321992C67}.Release|Mixed Platforms.ActiveCfg = Release|Any CPU
		{1439911B-BE4E-48A0-9208-927321992C67}.Release|Mixed Platforms.Build.0 = Release|Any CPU
		{1906C552-057D-4C07-8257-79D0A4E05E3B}.Debug|.NET.ActiveCfg = Debug|.NET
		{1906C552-057D-4C07-8257-79D0A4E05E3B}.Debug|.NET.Build.0 = Debug|.NET
		{1906C552-057D-4C07-8257-79D0A4E05E3B}.Debug|Any CPU.ActiveCfg = Debug|.NET
		{1906C552-057D-4C07-8257-79D0A4E05E3B}.Debug|Mixed Platforms.ActiveCfg = Debug|.NET
		{1906C552-057D-4C07-8257-79D0A4E05E3B}.Debug|Mixed Platforms.Build.0 = Debug|.NET
		{1906C552-057D-4C07-8257-79D0A4E05E3B}.Release|.NET.ActiveCfg = Debug|.NET
		{1906C552-057D-4C07-8257-79D0A4E05E3B}.Release|.NET.Build.0 = Debug|.NET
		{1906C552-057D-4C07-8257-79D0A4E05E3B}.Release|Any CPU.ActiveCfg = Debug|.NET
		{1906C552-057D-4C07-8257-79D0A4E05E3B}.Release|Mixed Platforms.ActiveCfg = Debug|.NET
		{1906C552-057D-4C07-8257-79D0A4E05E3B}.Release|Mixed Platforms.Build.0 = Debug|.NET
	EndGlobalSection
	GlobalSection(SolutionProperties) = preSolution
		HideSolutionNode = FALSE
	EndGlobalSection
	GlobalSection(SubversionScc) = preSolution
		Svn-Managed = True
		Manager = AnkhSVN - Subversion Support for Visual Studio
	EndGlobalSection
	GlobalSection(TeamFoundationVersionControl) = preSolution
		SccNumberOfProjects = 3
		SccEnterpriseProvider = {4CA58AB2-18FA-4F8D-95D4-32DDF27D184C}
		SccTeamFoundationServer = https://tfs02.codeplex.com/
		SccLocalPath0 = .
		SccWebProject1 = true
		SccProjectUniqueName1 = Web
		SccProjectName1 = Web
		SccLocalPath1 = Web
		SccProjectEnlistmentChoice1 = 2
		SccProjectUniqueName2 = CSSFriendly\\CSSFriendly.csproj
		SccProjectName2 = CSSFriendly
		SccLocalPath2 = CSSFriendly
	EndGlobalSection
EndGlobal
