
Microsoft Visual Studio Solution File, Format Version 10.00
# Visual Studio 2008
Project("{E24C65DC-7377-472B-9ABA-BC803B73C61A}") = "01", "01\", "{8ED8743B-F62B-485A-99EC-1E6C44FDE8E1}"
	ProjectSection(WebsiteProperties) = preProject
		TargetFramework = "3.5"
		Debug.AspNetCompiler.VirtualPath = "/01"
		Debug.AspNetCompiler.PhysicalPath = "01\"
		Debug.AspNetCompiler.TargetPath = "PrecompiledWeb\01\"
		Debug.AspNetCompiler.Updateable = "true"
		Debug.AspNetCompiler.ForceOverwrite = "true"
		Debug.AspNetCompiler.FixedNames = "false"
		Debug.AspNetCompiler.Debug = "True"
		Release.AspNetCompiler.VirtualPath = "/01"
		Release.AspNetCompiler.PhysicalPath = "01\"
		Release.AspNetCompiler.TargetPath = "PrecompiledWeb\01\"
		Release.AspNetCompiler.Updateable = "true"
		Release.AspNetCompiler.ForceOverwrite = "true"
		Release.AspNetCompiler.FixedNames = "false"
		Release.AspNetCompiler.Debug = "False"
		VWDPort = "12110"
	EndProjectSection
EndProject
Project("{E24C65DC-7377-472B-9ABA-BC803B73C61A}") = "02", "02\", "{765D6760-6D05-4271-84F2-D618C94BF8C8}"
	ProjectSection(WebsiteProperties) = preProject
		TargetFramework = "3.5"
		Debug.AspNetCompiler.VirtualPath = "/02"
		Debug.AspNetCompiler.PhysicalPath = "02\"
		Debug.AspNetCompiler.TargetPath = "PrecompiledWeb\02\"
		Debug.AspNetCompiler.Updateable = "true"
		Debug.AspNetCompiler.ForceOverwrite = "true"
		Debug.AspNetCompiler.FixedNames = "false"
		Debug.AspNetCompiler.Debug = "True"
		Release.AspNetCompiler.VirtualPath = "/02"
		Release.AspNetCompiler.PhysicalPath = "02\"
		Release.AspNetCompiler.TargetPath = "PrecompiledWeb\02\"
		Release.AspNetCompiler.Updateable = "true"
		Release.AspNetCompiler.ForceOverwrite = "true"
		Release.AspNetCompiler.FixedNames = "false"
		Release.AspNetCompiler.Debug = "False"
		VWDPort = "12127"
	EndProjectSection
EndProject
Project("{E24C65DC-7377-472B-9ABA-BC803B73C61A}") = "03", "03\", "{8E0E5FB4-774C-4C9C-9059-9673EAC781BC}"
	ProjectSection(WebsiteProperties) = preProject
		TargetFramework = "3.5"
		Debug.AspNetCompiler.VirtualPath = "/03"
		Debug.AspNetCompiler.PhysicalPath = "03\"
		Debug.AspNetCompiler.TargetPath = "PrecompiledWeb\03\"
		Debug.AspNetCompiler.Updateable = "true"
		Debug.AspNetCompiler.ForceOverwrite = "true"
		Debug.AspNetCompiler.FixedNames = "false"
		Debug.AspNetCompiler.Debug = "True"
		Release.AspNetCompiler.VirtualPath = "/03"
		Release.AspNetCompiler.PhysicalPath = "03\"
		Release.AspNetCompiler.TargetPath = "PrecompiledWeb\03\"
		Release.AspNetCompiler.Updateable = "true"
		Release.AspNetCompiler.ForceOverwrite = "true"
		Release.AspNetCompiler.FixedNames = "false"
		Release.AspNetCompiler.Debug = "False"
		VWDPort = "12134"
	EndProjectSection
EndProject
Project("{E24C65DC-7377-472B-9ABA-BC803B73C61A}") = "04", "04\", "{3B515FCC-1C1B-4C59-88E1-05D516F4D68B}"
	ProjectSection(WebsiteProperties) = preProject
		TargetFramework = "3.5"
		Debug.AspNetCompiler.VirtualPath = "/04"
		Debug.AspNetCompiler.PhysicalPath = "04\"
		Debug.AspNetCompiler.TargetPath = "PrecompiledWeb\04\"
		Debug.AspNetCompiler.Updateable = "true"
		Debug.AspNetCompiler.ForceOverwrite = "true"
		Debug.AspNetCompiler.FixedNames = "false"
		Debug.AspNetCompiler.Debug = "True"
		Release.AspNetCompiler.VirtualPath = "/04"
		Release.AspNetCompiler.PhysicalPath = "04\"
		Release.AspNetCompiler.TargetPath = "PrecompiledWeb\04\"
		Release.AspNetCompiler.Updateable = "true"
		Release.AspNetCompiler.ForceOverwrite = "true"
		Release.AspNetCompiler.FixedNames = "false"
		Release.AspNetCompiler.Debug = "False"
		VWDPort = "12172"
	EndProjectSection
EndProject
Project("{E24C65DC-7377-472B-9ABA-BC803B73C61A}") = "05", "05\", "{F424A229-DB8B-4E1D-A1C2-C8ADB00265EE}"
	ProjectSection(WebsiteProperties) = preProject
		TargetFramework = "3.5"
		Debug.AspNetCompiler.VirtualPath = "/05"
		Debug.AspNetCompiler.PhysicalPath = "05\"
		Debug.AspNetCompiler.TargetPath = "PrecompiledWeb\05\"
		Debug.AspNetCompiler.Updateable = "true"
		Debug.AspNetCompiler.ForceOverwrite = "true"
		Debug.AspNetCompiler.FixedNames = "false"
		Debug.AspNetCompiler.Debug = "True"
		Release.AspNetCompiler.VirtualPath = "/05"
		Release.AspNetCompiler.PhysicalPath = "05\"
		Release.AspNetCompiler.TargetPath = "PrecompiledWeb\05\"
		Release.AspNetCompiler.Updateable = "true"
		Release.AspNetCompiler.ForceOverwrite = "true"
		Release.AspNetCompiler.FixedNames = "false"
		Release.AspNetCompiler.Debug = "False"
		VWDPort = "12175"
	EndProjectSection
EndProject
Project("{E24C65DC-7377-472B-9ABA-BC803B73C61A}") = "06", "06\", "{FA6D7CBF-CBD2-45A9-A00E-2545C604D2B2}"
	ProjectSection(WebsiteProperties) = preProject
		TargetFramework = "3.5"
		Debug.AspNetCompiler.VirtualPath = "/06"
		Debug.AspNetCompiler.PhysicalPath = "06\"
		Debug.AspNetCompiler.TargetPath = "PrecompiledWeb\06\"
		Debug.AspNetCompiler.Updateable = "true"
		Debug.AspNetCompiler.ForceOverwrite = "true"
		Debug.AspNetCompiler.FixedNames = "false"
		Debug.AspNetCompiler.Debug = "True"
		Release.AspNetCompiler.VirtualPath = "/06"
		Release.AspNetCompiler.PhysicalPath = "06\"
		Release.AspNetCompiler.TargetPath = "PrecompiledWeb\06\"
		Release.AspNetCompiler.Updateable = "true"
		Release.AspNetCompiler.ForceOverwrite = "true"
		Release.AspNetCompiler.FixedNames = "false"
		Release.AspNetCompiler.Debug = "False"
		VWDPort = "12180"
	EndProjectSection
EndProject
Project("{E24C65DC-7377-472B-9ABA-BC803B73C61A}") = "07", "07\", "{6B5DD092-DF80-4EB0-B030-21CB56E09DC4}"
	ProjectSection(WebsiteProperties) = preProject
		TargetFramework = "3.5"
		Debug.AspNetCompiler.VirtualPath = "/07"
		Debug.AspNetCompiler.PhysicalPath = "07\"
		Debug.AspNetCompiler.TargetPath = "PrecompiledWeb\07\"
		Debug.AspNetCompiler.Updateable = "true"
		Debug.AspNetCompiler.ForceOverwrite = "true"
		Debug.AspNetCompiler.FixedNames = "false"
		Debug.AspNetCompiler.Debug = "True"
		Release.AspNetCompiler.VirtualPath = "/07"
		Release.AspNetCompiler.PhysicalPath = "07\"
		Release.AspNetCompiler.TargetPath = "PrecompiledWeb\07\"
		Release.AspNetCompiler.Updateable = "true"
		Release.AspNetCompiler.ForceOverwrite = "true"
		Release.AspNetCompiler.FixedNames = "false"
		Release.AspNetCompiler.Debug = "False"
		VWDPort = "12183"
	EndProjectSection
EndProject
Project("{E24C65DC-7377-472B-9ABA-BC803B73C61A}") = "08", "08\", "{CE3C3A35-969C-4F3B-85C9-CCB5617B1D90}"
	ProjectSection(WebsiteProperties) = preProject
		TargetFramework = "3.5"
		Debug.AspNetCompiler.VirtualPath = "/08"
		Debug.AspNetCompiler.PhysicalPath = "08\"
		Debug.AspNetCompiler.TargetPath = "PrecompiledWeb\08\"
		Debug.AspNetCompiler.Updateable = "true"
		Debug.AspNetCompiler.ForceOverwrite = "true"
		Debug.AspNetCompiler.FixedNames = "false"
		Debug.AspNetCompiler.Debug = "True"
		Release.AspNetCompiler.VirtualPath = "/08"
		Release.AspNetCompiler.PhysicalPath = "08\"
		Release.AspNetCompiler.TargetPath = "PrecompiledWeb\08\"
		Release.AspNetCompiler.Updateable = "true"
		Release.AspNetCompiler.ForceOverwrite = "true"
		Release.AspNetCompiler.FixedNames = "false"
		Release.AspNetCompiler.Debug = "False"
		VWDPort = "12186"
	EndProjectSection
EndProject
Project("{E24C65DC-7377-472B-9ABA-BC803B73C61A}") = "11", "11\", "{CFFD865B-18D4-460A-B1E0-660573E970EF}"
	ProjectSection(WebsiteProperties) = preProject
		TargetFramework = "3.5"
		Debug.AspNetCompiler.VirtualPath = "/11"
		Debug.AspNetCompiler.PhysicalPath = "11\"
		Debug.AspNetCompiler.TargetPath = "PrecompiledWeb\11\"
		Debug.AspNetCompiler.Updateable = "true"
		Debug.AspNetCompiler.ForceOverwrite = "true"
		Debug.AspNetCompiler.FixedNames = "false"
		Debug.AspNetCompiler.Debug = "True"
		Release.AspNetCompiler.VirtualPath = "/11"
		Release.AspNetCompiler.PhysicalPath = "11\"
		Release.AspNetCompiler.TargetPath = "PrecompiledWeb\11\"
		Release.AspNetCompiler.Updateable = "true"
		Release.AspNetCompiler.ForceOverwrite = "true"
		Release.AspNetCompiler.FixedNames = "false"
		Release.AspNetCompiler.Debug = "False"
		VWDPort = "12197"
	EndProjectSection
EndProject
Project("{E24C65DC-7377-472B-9ABA-BC803B73C61A}") = "13", "13\", "{34D84BD2-995D-4A9B-9E6B-C823F86BE34E}"
	ProjectSection(WebsiteProperties) = preProject
		TargetFramework = "3.5"
		Debug.AspNetCompiler.VirtualPath = "/13"
		Debug.AspNetCompiler.PhysicalPath = "13\"
		Debug.AspNetCompiler.TargetPath = "PrecompiledWeb\13\"
		Debug.AspNetCompiler.Updateable = "true"
		Debug.AspNetCompiler.ForceOverwrite = "true"
		Debug.AspNetCompiler.FixedNames = "false"
		Debug.AspNetCompiler.Debug = "True"
		Release.AspNetCompiler.VirtualPath = "/13"
		Release.AspNetCompiler.PhysicalPath = "13\"
		Release.AspNetCompiler.TargetPath = "PrecompiledWeb\13\"
		Release.AspNetCompiler.Updateable = "true"
		Release.AspNetCompiler.ForceOverwrite = "true"
		Release.AspNetCompiler.FixedNames = "false"
		Release.AspNetCompiler.Debug = "False"
		VWDPort = "12205"
	EndProjectSection
EndProject
Global
	GlobalSection(SolutionConfigurationPlatforms) = preSolution
		Debug|.NET = Debug|.NET
		Debug|Any CPU = Debug|Any CPU
		Debug|Mixed Platforms = Debug|Mixed Platforms
		Release|.NET = Release|.NET
		Release|Any CPU = Release|Any CPU
		Release|Mixed Platforms = Release|Mixed Platforms
	EndGlobalSection
	GlobalSection(ProjectConfigurationPlatforms) = postSolution
		{8ED8743B-F62B-485A-99EC-1E6C44FDE8E1}.Debug|.NET.ActiveCfg = Debug|.NET
		{8ED8743B-F62B-485A-99EC-1E6C44FDE8E1}.Debug|.NET.Build.0 = Debug|.NET
		{8ED8743B-F62B-485A-99EC-1E6C44FDE8E1}.Debug|Any CPU.ActiveCfg = Debug|.NET
		{8ED8743B-F62B-485A-99EC-1E6C44FDE8E1}.Debug|Mixed Platforms.ActiveCfg = Debug|.NET
		{8ED8743B-F62B-485A-99EC-1E6C44FDE8E1}.Debug|Mixed Platforms.Build.0 = Debug|.NET
		{8ED8743B-F62B-485A-99EC-1E6C44FDE8E1}.Release|.NET.ActiveCfg = Debug|.NET
		{8ED8743B-F62B-485A-99EC-1E6C44FDE8E1}.Release|.NET.Build.0 = Debug|.NET
		{8ED8743B-F62B-485A-99EC-1E6C44FDE8E1}.Release|Any CPU.ActiveCfg = Debug|.NET
		{8ED8743B-F62B-485A-99EC-1E6C44FDE8E1}.Release|Mixed Platforms.ActiveCfg = Debug|.NET
		{8ED8743B-F62B-485A-99EC-1E6C44FDE8E1}.Release|Mixed Platforms.Build.0 = Debug|.NET
		{765D6760-6D05-4271-84F2-D618C94BF8C8}.Debug|.NET.ActiveCfg = Debug|.NET
		{765D6760-6D05-4271-84F2-D618C94BF8C8}.Debug|.NET.Build.0 = Debug|.NET
		{765D6760-6D05-4271-84F2-D618C94BF8C8}.Debug|Any CPU.ActiveCfg = Debug|.NET
		{765D6760-6D05-4271-84F2-D618C94BF8C8}.Debug|Mixed Platforms.ActiveCfg = Debug|.NET
		{765D6760-6D05-4271-84F2-D618C94BF8C8}.Debug|Mixed Platforms.Build.0 = Debug|.NET
		{765D6760-6D05-4271-84F2-D618C94BF8C8}.Release|.NET.ActiveCfg = Debug|.NET
		{765D6760-6D05-4271-84F2-D618C94BF8C8}.Release|.NET.Build.0 = Debug|.NET
		{765D6760-6D05-4271-84F2-D618C94BF8C8}.Release|Any CPU.ActiveCfg = Debug|.NET
		{765D6760-6D05-4271-84F2-D618C94BF8C8}.Release|Mixed Platforms.ActiveCfg = Debug|.NET
		{765D6760-6D05-4271-84F2-D618C94BF8C8}.Release|Mixed Platforms.Build.0 = Debug|.NET
		{8E0E5FB4-774C-4C9C-9059-9673EAC781BC}.Debug|.NET.ActiveCfg = Debug|.NET
		{8E0E5FB4-774C-4C9C-9059-9673EAC781BC}.Debug|.NET.Build.0 = Debug|.NET
		{8E0E5FB4-774C-4C9C-9059-9673EAC781BC}.Debug|Any CPU.ActiveCfg = Debug|.NET
		{8E0E5FB4-774C-4C9C-9059-9673EAC781BC}.Debug|Mixed Platforms.ActiveCfg = Debug|.NET
		{8E0E5FB4-774C-4C9C-9059-9673EAC781BC}.Debug|Mixed Platforms.Build.0 = Debug|.NET
		{8E0E5FB4-774C-4C9C-9059-9673EAC781BC}.Release|.NET.ActiveCfg = Debug|.NET
		{8E0E5FB4-774C-4C9C-9059-9673EAC781BC}.Release|.NET.Build.0 = Debug|.NET
		{8E0E5FB4-774C-4C9C-9059-9673EAC781BC}.Release|Any CPU.ActiveCfg = Debug|.NET
		{8E0E5FB4-774C-4C9C-9059-9673EAC781BC}.Release|Mixed Platforms.ActiveCfg = Debug|.NET
		{8E0E5FB4-774C-4C9C-9059-9673EAC781BC}.Release|Mixed Platforms.Build.0 = Debug|.NET
		{3B515FCC-1C1B-4C59-88E1-05D516F4D68B}.Debug|.NET.ActiveCfg = Debug|.NET
		{3B515FCC-1C1B-4C59-88E1-05D516F4D68B}.Debug|.NET.Build.0 = Debug|.NET
		{3B515FCC-1C1B-4C59-88E1-05D516F4D68B}.Debug|Any CPU.ActiveCfg = Debug|.NET
		{3B515FCC-1C1B-4C59-88E1-05D516F4D68B}.Debug|Mixed Platforms.ActiveCfg = Debug|.NET
		{3B515FCC-1C1B-4C59-88E1-05D516F4D68B}.Debug|Mixed Platforms.Build.0 = Debug|.NET
		{3B515FCC-1C1B-4C59-88E1-05D516F4D68B}.Release|.NET.ActiveCfg = Debug|.NET
		{3B515FCC-1C1B-4C59-88E1-05D516F4D68B}.Release|.NET.Build.0 = Debug|.NET
		{3B515FCC-1C1B-4C59-88E1-05D516F4D68B}.Release|Any CPU.ActiveCfg = Debug|.NET
		{3B515FCC-1C1B-4C59-88E1-05D516F4D68B}.Release|Mixed Platforms.ActiveCfg = Debug|.NET
		{3B515FCC-1C1B-4C59-88E1-05D516F4D68B}.Release|Mixed Platforms.Build.0 = Debug|.NET
		{F424A229-DB8B-4E1D-A1C2-C8ADB00265EE}.Debug|.NET.ActiveCfg = Debug|.NET
		{F424A229-DB8B-4E1D-A1C2-C8ADB00265EE}.Debug|.NET.Build.0 = Debug|.NET
		{F424A229-DB8B-4E1D-A1C2-C8ADB00265EE}.Debug|Any CPU.ActiveCfg = Debug|.NET
		{F424A229-DB8B-4E1D-A1C2-C8ADB00265EE}.Debug|Mixed Platforms.ActiveCfg = Debug|.NET
		{F424A229-DB8B-4E1D-A1C2-C8ADB00265EE}.Debug|Mixed Platforms.Build.0 = Debug|.NET
		{F424A229-DB8B-4E1D-A1C2-C8ADB00265EE}.Release|.NET.ActiveCfg = Debug|.NET
		{F424A229-DB8B-4E1D-A1C2-C8ADB00265EE}.Release|.NET.Build.0 = Debug|.NET
		{F424A229-DB8B-4E1D-A1C2-C8ADB00265EE}.Release|Any CPU.ActiveCfg = Debug|.NET
		{F424A229-DB8B-4E1D-A1C2-C8ADB00265EE}.Release|Mixed Platforms.ActiveCfg = Debug|.NET
		{F424A229-DB8B-4E1D-A1C2-C8ADB00265EE}.Release|Mixed Platforms.Build.0 = Debug|.NET
		{FA6D7CBF-CBD2-45A9-A00E-2545C604D2B2}.Debug|.NET.ActiveCfg = Debug|.NET
		{FA6D7CBF-CBD2-45A9-A00E-2545C604D2B2}.Debug|.NET.Build.0 = Debug|.NET
		{FA6D7CBF-CBD2-45A9-A00E-2545C604D2B2}.Debug|Any CPU.ActiveCfg = Debug|.NET
		{FA6D7CBF-CBD2-45A9-A00E-2545C604D2B2}.Debug|Mixed Platforms.ActiveCfg = Debug|.NET
		{FA6D7CBF-CBD2-45A9-A00E-2545C604D2B2}.Debug|Mixed Platforms.Build.0 = Debug|.NET
		{FA6D7CBF-CBD2-45A9-A00E-2545C604D2B2}.Release|.NET.ActiveCfg = Debug|.NET
		{FA6D7CBF-CBD2-45A9-A00E-2545C604D2B2}.Release|.NET.Build.0 = Debug|.NET
		{FA6D7CBF-CBD2-45A9-A00E-2545C604D2B2}.Release|Any CPU.ActiveCfg = Debug|.NET
		{FA6D7CBF-CBD2-45A9-A00E-2545C604D2B2}.Release|Mixed Platforms.ActiveCfg = Debug|.NET
		{FA6D7CBF-CBD2-45A9-A00E-2545C604D2B2}.Release|Mixed Platforms.Build.0 = Debug|.NET
		{6B5DD092-DF80-4EB0-B030-21CB56E09DC4}.Debug|.NET.ActiveCfg = Debug|.NET
		{6B5DD092-DF80-4EB0-B030-21CB56E09DC4}.Debug|.NET.Build.0 = Debug|.NET
		{6B5DD092-DF80-4EB0-B030-21CB56E09DC4}.Debug|Any CPU.ActiveCfg = Debug|.NET
		{6B5DD092-DF80-4EB0-B030-21CB56E09DC4}.Debug|Mixed Platforms.ActiveCfg = Debug|.NET
		{6B5DD092-DF80-4EB0-B030-21CB56E09DC4}.Debug|Mixed Platforms.Build.0 = Debug|.NET
		{6B5DD092-DF80-4EB0-B030-21CB56E09DC4}.Release|.NET.ActiveCfg = Debug|.NET
		{6B5DD092-DF80-4EB0-B030-21CB56E09DC4}.Release|.NET.Build.0 = Debug|.NET
		{6B5DD092-DF80-4EB0-B030-21CB56E09DC4}.Release|Any CPU.ActiveCfg = Debug|.NET
		{6B5DD092-DF80-4EB0-B030-21CB56E09DC4}.Release|Mixed Platforms.ActiveCfg = Debug|.NET
		{6B5DD092-DF80-4EB0-B030-21CB56E09DC4}.Release|Mixed Platforms.Build.0 = Debug|.NET
		{CE3C3A35-969C-4F3B-85C9-CCB5617B1D90}.Debug|.NET.ActiveCfg = Debug|.NET
		{CE3C3A35-969C-4F3B-85C9-CCB5617B1D90}.Debug|.NET.Build.0 = Debug|.NET
		{CE3C3A35-969C-4F3B-85C9-CCB5617B1D90}.Debug|Any CPU.ActiveCfg = Debug|.NET
		{CE3C3A35-969C-4F3B-85C9-CCB5617B1D90}.Debug|Mixed Platforms.ActiveCfg = Debug|.NET
		{CE3C3A35-969C-4F3B-85C9-CCB5617B1D90}.Debug|Mixed Platforms.Build.0 = Debug|.NET
		{CE3C3A35-969C-4F3B-85C9-CCB5617B1D90}.Release|.NET.ActiveCfg = Debug|.NET
		{CE3C3A35-969C-4F3B-85C9-CCB5617B1D90}.Release|.NET.Build.0 = Debug|.NET
		{CE3C3A35-969C-4F3B-85C9-CCB5617B1D90}.Release|Any CPU.ActiveCfg = Debug|.NET
		{CE3C3A35-969C-4F3B-85C9-CCB5617B1D90}.Release|Mixed Platforms.ActiveCfg = Debug|.NET
		{CE3C3A35-969C-4F3B-85C9-CCB5617B1D90}.Release|Mixed Platforms.Build.0 = Debug|.NET
		{CFFD865B-18D4-460A-B1E0-660573E970EF}.Debug|.NET.ActiveCfg = Debug|.NET
		{CFFD865B-18D4-460A-B1E0-660573E970EF}.Debug|.NET.Build.0 = Debug|.NET
		{CFFD865B-18D4-460A-B1E0-660573E970EF}.Debug|Any CPU.ActiveCfg = Debug|.NET
		{CFFD865B-18D4-460A-B1E0-660573E970EF}.Debug|Mixed Platforms.ActiveCfg = Debug|.NET
		{CFFD865B-18D4-460A-B1E0-660573E970EF}.Debug|Mixed Platforms.Build.0 = Debug|.NET
		{CFFD865B-18D4-460A-B1E0-660573E970EF}.Release|.NET.ActiveCfg = Debug|.NET
		{CFFD865B-18D4-460A-B1E0-660573E970EF}.Release|.NET.Build.0 = Debug|.NET
		{CFFD865B-18D4-460A-B1E0-660573E970EF}.Release|Any CPU.ActiveCfg = Debug|.NET
		{CFFD865B-18D4-460A-B1E0-660573E970EF}.Release|Mixed Platforms.ActiveCfg = Debug|.NET
		{CFFD865B-18D4-460A-B1E0-660573E970EF}.Release|Mixed Platforms.Build.0 = Debug|.NET
		{34D84BD2-995D-4A9B-9E6B-C823F86BE34E}.Debug|.NET.ActiveCfg = Debug|.NET
		{34D84BD2-995D-4A9B-9E6B-C823F86BE34E}.Debug|.NET.Build.0 = Debug|.NET
		{34D84BD2-995D-4A9B-9E6B-C823F86BE34E}.Debug|Any CPU.ActiveCfg = Debug|.NET
		{34D84BD2-995D-4A9B-9E6B-C823F86BE34E}.Debug|Mixed Platforms.ActiveCfg = Debug|.NET
		{34D84BD2-995D-4A9B-9E6B-C823F86BE34E}.Debug|Mixed Platforms.Build.0 = Debug|.NET
		{34D84BD2-995D-4A9B-9E6B-C823F86BE34E}.Release|.NET.ActiveCfg = Debug|.NET
		{34D84BD2-995D-4A9B-9E6B-C823F86BE34E}.Release|.NET.Build.0 = Debug|.NET
		{34D84BD2-995D-4A9B-9E6B-C823F86BE34E}.Release|Any CPU.ActiveCfg = Debug|.NET
		{34D84BD2-995D-4A9B-9E6B-C823F86BE34E}.Release|Mixed Platforms.ActiveCfg = Debug|.NET
		{34D84BD2-995D-4A9B-9E6B-C823F86BE34E}.Release|Mixed Platforms.Build.0 = Debug|.NET
	EndGlobalSection
	GlobalSection(SolutionProperties) = preSolution
		HideSolutionNode = FALSE
	EndGlobalSection
EndGlobal
